
Microsoft Visual Studio Solution File, Format Version 12.00
# Visual Studio Version 17
VisualStudioVersion = 17.6.33815.320
MinimumVisualStudioVersion = 10.0.40219.1
Project("{FAE04EC0-301F-11D3-BF4B-00C04F79EFBC}") = "BTLap7.1Cshap", "BTLap7.1Cshap.csproj", "{2B35E9E8-F58F-4D77-BEFF-E0A1304BCD0A}"
EndProject
Global
	GlobalSection(SolutionConfigurationPlatforms) = preSolution
		Debug|Any CPU = Debug|Any CPU
		Release|Any CPU = Release|Any CPU
	EndGlobalSection
	GlobalSection(ProjectConfigurationPlatforms) = postSolution
		{2B35E9E8-F58F-4D77-BEFF-E0A1304BCD0A}.Debug|Any CPU.ActiveCfg = Debug|Any CPU
		{2B35E9E8-F58F-4D77-BEFF-E0A1304BCD0A}.Debug|Any CPU.Build.0 = Debug|Any CPU
		{2B35E9E8-F58F-4D77-BEFF-E0A1304BCD0A}.Release|Any CPU.ActiveCfg = Release|Any CPU
		{2B35E9E8-F58F-4D77-BEFF-E0A1304BCD0A}.Release|Any CPU.Build.0 = Release|Any CPU
	EndGlobalSection
	GlobalSection(SolutionProperties) = preSolution
		HideSolutionNode = FALSE
	EndGlobalSection
	GlobalSection(ExtensibilityGlobals) = postSolution
		SolutionGuid = {28633F33-1396-4733-B598-7FDD6FA4E68A}
	EndGlobalSection
EndGlobal
